// !$*UTF8*$!
{
	archiveVersion = 1;
	classes = {
	};
	objectVersion = 50;
	objects = {

/* Begin PBXBuildFile section */
		AC3F98EB26698C7000BAB398 /* DepartmentView.swift in Sources */ = {isa = PBXBuildFile; fileRef = AC3F98EA26698C7000BAB398 /* DepartmentView.swift */; };
		AC3F98ED26698F3600BAB398 /* EmployeeView.swift in Sources */ = {isa = PBXBuildFile; fileRef = AC3F98EC26698F3600BAB398 /* EmployeeView.swift */; };
		ACFCF4A62669740F006CCE92 /* CoreDataWithRelationshipsApp.swift in Sources */ = {isa = PBXBuildFile; fileRef = ACFCF4A52669740F006CCE92 /* CoreDataWithRelationshipsApp.swift */; };
		ACFCF4A82669740F006CCE92 /* ContentView.swift in Sources */ = {isa = PBXBuildFile; fileRef = ACFCF4A72669740F006CCE92 /* ContentView.swift */; };
		ACFCF4AA26697410006CCE92 /* Assets.xcassets in Resources */ = {isa = PBXBuildFile; fileRef = ACFCF4A926697410006CCE92 /* Assets.xcassets */; };
		ACFCF4AD26697410006CCE92 /* Preview Assets.xcassets in Resources */ = {isa = PBXBuildFile; fileRef = ACFCF4AC26697410006CCE92 /* Preview Assets.xcassets */; };
		ACFCF4B626697523006CCE92 /* ContentViewModel.swift in Sources */ = {isa = PBXBuildFile; fileRef = ACFCF4B526697523006CCE92 /* ContentViewModel.swift */; };
		ACFCF4B826697847006CCE92 /* CoreDataManager.swift in Sources */ = {isa = PBXBuildFile; fileRef = ACFCF4B726697847006CCE92 /* CoreDataManager.swift */; };
		ACFCF4BB26697914006CCE92 /* CoreDataContainer.xcdatamodeld in Sources */ = {isa = PBXBuildFile; fileRef = ACFCF4B926697914006CCE92 /* CoreDataContainer.xcdatamodeld */; };
		ACFCF4BE26698003006CCE92 /* BusinessView.swift in Sources */ = {isa = PBXBuildFile; fileRef = ACFCF4BD26698003006CCE92 /* BusinessView.swift */; };
/* End PBXBuildFile section */

/* Begin PBXFileReference section */
		AC3F98EA26698C7000BAB398 /* DepartmentView.swift */ = {isa = PBXFileReference; lastKnownFileType = sourcecode.swift; path = DepartmentView.swift; sourceTree = "<group>"; };
		AC3F98EC26698F3600BAB398 /* EmployeeView.swift */ = {isa = PBXFileReference; lastKnownFileType = sourcecode.swift; path = EmployeeView.swift; sourceTree = "<group>"; };
		ACFCF4A22669740F006CCE92 /* CoreDataWithRelationships.app */ = {isa = PBXFileReference; explicitFileType = wrapper.application; includeInIndex = 0; path = CoreDataWithRelationships.app; sourceTree = BUILT_PRODUCTS_DIR; };
		ACFCF4A52669740F006CCE92 /* CoreDataWithRelationshipsApp.swift */ = {isa = PBXFileReference; lastKnownFileType = sourcecode.swift; path = CoreDataWithRelationshipsApp.swift; sourceTree = "<group>"; };
		ACFCF4A72669740F006CCE92 /* ContentView.swift */ = {isa = PBXFileReference; lastKnownFileType = sourcecode.swift; path = ContentView.swift; sourceTree = "<group>"; };
		ACFCF4A926697410006CCE92 /* Assets.xcassets */ = {isa = PBXFileReference; lastKnownFileType = folder.assetcatalog; path = Assets.xcassets; sourceTree = "<group>"; };
		ACFCF4AC26697410006CCE92 /* Preview Assets.xcassets */ = {isa = PBXFileReference; lastKnownFileType = folder.assetcatalog; path = "Preview Assets.xcassets"; sourceTree = "<group>"; };
		ACFCF4AE26697410006CCE92 /* Info.plist */ = {isa = PBXFileReference; lastKnownFileType = text.plist.xml; path = Info.plist; sourceTree = "<group>"; };
		ACFCF4B526697523006CCE92 /* ContentViewModel.swift */ = {isa = PBXFileReference; lastKnownFileType = sourcecode.swift; path = ContentViewModel.swift; sourceTree = "<group>"; };
		ACFCF4B726697847006CCE92 /* CoreDataManager.swift */ = {isa = PBXFileReference; lastKnownFileType = sourcecode.swift; path = CoreDataManager.swift; sourceTree = "<group>"; };
		ACFCF4BA26697914006CCE92 /* CoreDataContainer.xcdatamodel */ = {isa = PBXFileReference; lastKnownFileType = wrapper.xcdatamodel; path = CoreDataContainer.xcdatamodel; sourceTree = "<group>"; };
		ACFCF4BD26698003006CCE92 /* BusinessView.swift */ = {isa = PBXFileReference; lastKnownFileType = sourcecode.swift; path = BusinessView.swift; sourceTree = "<group>"; };
/* End PBXFileReference section */

/* Begin PBXFrameworksBuildPhase section */
		ACFCF49F2669740F006CCE92 /* Frameworks */ = {
			isa = PBXFrameworksBuildPhase;
			buildActionMask = 2147483647;
			files = (
			);
			runOnlyForDeploymentPostprocessing = 0;
		};
/* End PBXFrameworksBuildPhase section */

/* Begin PBXGroup section */
		ACFCF4992669740F006CCE92 = {
			isa = PBXGroup;
			children = (
				ACFCF4A42669740F006CCE92 /* CoreDataWithRelationships */,
				ACFCF4A32669740F006CCE92 /* Products */,
			);
			sourceTree = "<group>";
		};
		ACFCF4A32669740F006CCE92 /* Products */ = {
			isa = PBXGroup;
			children = (
				ACFCF4A22669740F006CCE92 /* CoreDataWithRelationships.app */,
			);
			name = Products;
			sourceTree = "<group>";
		};
		ACFCF4A42669740F006CCE92 /* CoreDataWithRelationships */ = {
			isa = PBXGroup;
			children = (
				ACFCF4A52669740F006CCE92 /* CoreDataWithRelationshipsApp.swift */,
				ACFCF4B42669750B006CCE92 /* ViewModels */,
				ACFCF4BC26697FE0006CCE92 /* Views */,
				ACFCF4A926697410006CCE92 /* Assets.xcassets */,
				ACFCF4AE26697410006CCE92 /* Info.plist */,
				ACFCF4AB26697410006CCE92 /* Preview Content */,
				ACFCF4B726697847006CCE92 /* CoreDataManager.swift */,
				ACFCF4B926697914006CCE92 /* CoreDataContainer.xcdatamodeld */,
			);
			path = CoreDataWithRelationships;
			sourceTree = "<group>";
		};
		ACFCF4AB26697410006CCE92 /* Preview Content */ = {
			isa = PBXGroup;
			children = (
				ACFCF4AC26697410006CCE92 /* Preview Assets.xcassets */,
			);
			path = "Preview Content";
			sourceTree = "<group>";
		};
		ACFCF4B42669750B006CCE92 /* ViewModels */ = {
			isa = PBXGroup;
			children = (
				ACFCF4B526697523006CCE92 /* ContentViewModel.swift */,
			);
			path = ViewModels;
			sourceTree = "<group>";
		};
		ACFCF4BC26697FE0006CCE92 /* Views */ = {
			isa = PBXGroup;
			children = (
				ACFCF4A72669740F006CCE92 /* ContentView.swift */,
				ACFCF4BD26698003006CCE92 /* BusinessView.swift */,
				AC3F98EA26698C7000BAB398 /* DepartmentView.swift */,
				AC3F98EC26698F3600BAB398 /* EmployeeView.swift */,
			);
			path = Views;
			sourceTree = "<group>";
		};
/* End PBXGroup section */

/* Begin PBXNativeTarget section */
		ACFCF4A12669740F006CCE92 /* CoreDataWithRelationships */ = {
			isa = PBXNativeTarget;
			buildConfigurationList = ACFCF4B126697410006CCE92 /* Build configuration list for PBXNativeTarget "CoreDataWithRelationships" */;
			buildPhases = (
				ACFCF49E2669740F006CCE92 /* Sources */,
				ACFCF49F2669740F006CCE92 /* Frameworks */,
				ACFCF4A02669740F006CCE92 /* Resources */,
			);
			buildRules = (
			);
			dependencies = (
			);
			name = CoreDataWithRelationships;
			productName = CoreDataWithRelationships;
			productReference = ACFCF4A22669740F006CCE92 /* CoreDataWithRelationships.app */;
			productType = "com.apple.product-type.application";
		};
/* End PBXNativeTarget section */

/* Begin PBXProject section */
		ACFCF49A2669740F006CCE92 /* Project object */ = {
			isa = PBXProject;
			attributes = {
				LastSwiftUpdateCheck = 1250;
				LastUpgradeCheck = 1250;
				TargetAttributes = {
					ACFCF4A12669740F006CCE92 = {
						CreatedOnToolsVersion = 12.5;
					};
				};
			};
			buildConfigurationList = ACFCF49D2669740F006CCE92 /* Build configuration list for PBXProject "CoreDataWithRelationships" */;
			compatibilityVersion = "Xcode 9.3";
			developmentRegion = en;
			hasScannedForEncodings = 0;
			knownRegions = (
				en,
				Base,
			);
			mainGroup = ACFCF4992669740F006CCE92;
			productRefGroup = ACFCF4A32669740F006CCE92 /* Products */;
			projectDirPath = "";
			projectRoot = "";
			targets = (
				ACFCF4A12669740F006CCE92 /* CoreDataWithRelationships */,
			);
		};
/* End PBXProject section */

/* Begin PBXResourcesBuildPhase section */
		ACFCF4A02669740F006CCE92 /* Resources */ = {
			isa = PBXResourcesBuildPhase;
			buildActionMask = 2147483647;
			files = (
				ACFCF4AD26697410006CCE92 /* Preview Assets.xcassets in Resources */,
				ACFCF4AA26697410006CCE92 /* Assets.xcassets in Resources */,
			);
			runOnlyForDeploymentPostprocessing = 0;
		};
/* End PBXResourcesBuildPhase section */

/* Begin PBXSourcesBuildPhase section */
		ACFCF49E2669740F006CCE92 /* Sources */ = {
			isa = PBXSourcesBuildPhase;
			buildActionMask = 2147483647;
			files = (
				AC3F98ED26698F3600BAB398 /* EmployeeView.swift in Sources */,
				ACFCF4BE26698003006CCE92 /* BusinessView.swift in Sources */,
				ACFCF4A82669740F006CCE92 /* ContentView.swift in Sources */,
				ACFCF4A62669740F006CCE92 /* CoreDataWithRelationshipsApp.swift in Sources */,
				ACFCF4B826697847006CCE92 /* CoreDataManager.swift in Sources */,
				AC3F98EB26698C7000BAB398 /* DepartmentView.swift in Sources */,
				ACFCF4BB26697914006CCE92 /* CoreDataContainer.xcdatamodeld in Sources */,
				ACFCF4B626697523006CCE92 /* ContentViewModel.swift in Sources */,
			);
			runOnlyForDeploymentPostprocessing = 0;
		};
/* End PBXSourcesBuildPhase section */

/* Begin XCBuildConfiguration section */
		ACFCF4AF26697410006CCE92 /* Debug */ = {
			isa = XCBuildConfiguration;
			buildSettings = {
				ALWAYS_SEARCH_USER_PATHS = NO;
				CLANG_ANALYZER_NONNULL = YES;
				CLANG_ANALYZER_NUMBER_OBJECT_CONVERSION = YES_AGGRESSIVE;
				CLANG_CXX_LANGUAGE_STANDARD = "gnu++14";
				CLANG_CXX_LIBRARY = "libc++";
				CLANG_ENABLE_MODULES = YES;
				CLANG_ENABLE_OBJC_ARC = YES;
				CLANG_ENABLE_OBJC_WEAK = YES;
				CLANG_WARN_BLOCK_CAPTURE_AUTORELEASING = YES;
				CLANG_WARN_BOOL_CONVERSION = YES;
				CLANG_WARN_COMMA = YES;
				CLANG_WARN_CONSTANT_CONVERSION = YES;
				CLANG_WARN_DEPRECATED_OBJC_IMPLEMENTATIONS = YES;
				CLANG_WARN_DIRECT_OBJC_ISA_USAGE = YES_ERROR;
				CLANG_WARN_DOCUMENTATION_COMMENTS = YES;
				CLANG_WARN_EMPTY_BODY = YES;
				CLANG_WARN_ENUM_CONVERSION = YES;
				CLANG_WARN_INFINITE_RECURSION = YES;
				CLANG_WARN_INT_CONVERSION = YES;
				CLANG_WARN_NON_LITERAL_NULL_CONVERSION = YES;
				CLANG_WARN_OBJC_IMPLICIT_RETAIN_SELF = YES;
				CLANG_WARN_OBJC_LITERAL_CONVERSION = YES;
				CLANG_WARN_OBJC_ROOT_CLASS = YES_ERROR;
				CLANG_WARN_QUOTED_INCLUDE_IN_FRAMEWORK_HEADER = YES;
				CLANG_WARN_RANGE_LOOP_ANALYSIS = YES;
				CLANG_WARN_STRICT_PROTOTYPES = YES;
				CLANG_WARN_SUSPICIOUS_MOVE = YES;
				CLANG_WARN_UNGUARDED_AVAILABILITY = YES_AGGRESSIVE;
				CLANG_WARN_UNREACHABLE_CODE = YES;
				CLANG_WARN__DUPLICATE_METHOD_MATCH = YES;
				COPY_PHASE_STRIP = NO;
				DEBUG_INFORMATION_FORMAT = dwarf;
				ENABLE_STRICT_OBJC_MSGSEND = YES;
				ENABLE_TESTABILITY = YES;
				GCC_C_LANGUAGE_STANDARD = gnu11;
				GCC_DYNAMIC_NO_PIC = NO;
				GCC_NO_COMMON_BLOCKS = YES;
				GCC_OPTIMIZATION_LEVEL = 0;
				GCC_PREPROCESSOR_DEFINITIONS = (
					"DEBUG=1",
					"$(inherited)",
				);
				GCC_WARN_64_TO_32_BIT_CONVERSION = YES;
				GCC_WARN_ABOUT_RETURN_TYPE = YES_ERROR;
				GCC_WARN_UNDECLARED_SELECTOR = YES;
				GCC_WARN_UNINITIALIZED_AUTOS = YES_AGGRESSIVE;
				GCC_WARN_UNUSED_FUNCTION = YES;
				GCC_WARN_UNUSED_VARIABLE = YES;
				IPHONEOS_DEPLOYMENT_TARGET = 14.5;
				MTL_ENABLE_DEBUG_INFO = INCLUDE_SOURCE;
				MTL_FAST_MATH = YES;
				ONLY_ACTIVE_ARCH = YES;
				SDKROOT = iphoneos;
				SWIFT_ACTIVE_COMPILATION_CONDITIONS = DEBUG;
				SWIFT_OPTIMIZATION_LEVEL = "-Onone";
			};
			name = Debug;
		};
		ACFCF4B026697410006CCE92 /* Release */ = {
			isa = XCBuildConfiguration;
			buildSettings = {
				ALWAYS_SEARCH_USER_PATHS = NO;
				CLANG_ANALYZER_NONNULL = YES;
				CLANG_ANALYZER_NUMBER_OBJECT_CONVERSION = YES_AGGRESSIVE;
				CLANG_CXX_LANGUAGE_STANDARD = "gnu++14";
				CLANG_CXX_LIBRARY = "libc++";
				CLANG_ENABLE_MODULES = YES;
				CLANG_ENABLE_OBJC_ARC = YES;
				CLANG_ENABLE_OBJC_WEAK = YES;
				CLANG_WARN_BLOCK_CAPTURE_AUTORELEASING = YES;
				CLANG_WARN_BOOL_CONVERSION = YES;
				CLANG_WARN_COMMA = YES;
				CLANG_WARN_CONSTANT_CONVERSION = YES;
				CLANG_WARN_DEPRECATED_OBJC_IMPLEMENTATIONS = YES;
				CLANG_WARN_DIRECT_OBJC_ISA_USAGE = YES_ERROR;
				CLANG_WARN_DOCUMENTATION_COMMENTS = YES;
				CLANG_WARN_EMPTY_BODY = YES;
				CLANG_WARN_ENUM_CONVERSION = YES;
				CLANG_WARN_INFINITE_RECURSION = YES;
				CLANG_WARN_INT_CONVERSION = YES;
				CLANG_WARN_NON_LITERAL_NULL_CONVERSION = YES;
				CLANG_WARN_OBJC_IMPLICIT_RETAIN_SELF = YES;
				CLANG_WARN_OBJC_LITERAL_CONVERSION = YES;
				CLANG_WARN_OBJC_ROOT_CLASS = YES_ERROR;
				CLANG_WARN_QUOTED_INCLUDE_IN_FRAMEWORK_HEADER = YES;
				CLANG_WARN_RANGE_LOOP_ANALYSIS = YES;
				CLANG_WARN_STRICT_PROTOTYPES = YES;
				CLANG_WARN_SUSPICIOUS_MOVE = YES;
				CLANG_WARN_UNGUARDED_AVAILABILITY = YES_AGGRESSIVE;
				CLANG_WARN_UNREACHABLE_CODE = YES;
				CLANG_WARN__DUPLICATE_METHOD_MATCH = YES;
				COPY_PHASE_STRIP = NO;
				DEBUG_INFORMATION_FORMAT = "dwarf-with-dsym";
				ENABLE_NS_ASSERTIONS = NO;
				ENABLE_STRICT_OBJC_MSGSEND = YES;
				GCC_C_LANGUAGE_STANDARD = gnu11;
				GCC_NO_COMMON_BLOCKS = YES;
				GCC_WARN_64_TO_32_BIT_CONVERSION = YES;
				GCC_WARN_ABOUT_RETURN_TYPE = YES_ERROR;
				GCC_WARN_UNDECLARED_SELECTOR = YES;
				GCC_WARN_UNINITIALIZED_AUTOS = YES_AGGRESSIVE;
				GCC_WARN_UNUSED_FUNCTION = YES;
				GCC_WARN_UNUSED_VARIABLE = YES;
				IPHONEOS_DEPLOYMENT_TARGET = 14.5;
				MTL_ENABLE_DEBUG_INFO = NO;
				MTL_FAST_MATH = YES;
				SDKROOT = iphoneos;
				SWIFT_COMPILATION_MODE = wholemodule;
				SWIFT_OPTIMIZATION_LEVEL = "-O";
				VALIDATE_PRODUCT = YES;
			};
			name = Release;
		};
		ACFCF4B226697410006CCE92 /* Debug */ = {
			isa = XCBuildConfiguration;
			buildSettings = {
				ASSETCATALOG_COMPILER_APPICON_NAME = AppIcon;
				ASSETCATALOG_COMPILER_GLOBAL_ACCENT_COLOR_NAME = AccentColor;
				CODE_SIGN_STYLE = Automatic;
				DEVELOPMENT_ASSET_PATHS = "\"CoreDataWithRelationships/Preview Content\"";
				DEVELOPMENT_TEAM = G6J4RFMLHY;
				ENABLE_PREVIEWS = YES;
				INFOPLIST_FILE = CoreDataWithRelationships/Info.plist;
				IPHONEOS_DEPLOYMENT_TARGET = 14.0;
				LD_RUNPATH_SEARCH_PATHS = (
					"$(inherited)",
					"@executable_path/Frameworks",
				);
				PRODUCT_BUNDLE_IDENTIFIER = com.frederickjavalera.CoreDataWithRelationships;
				PRODUCT_NAME = "$(TARGET_NAME)";
				SWIFT_VERSION = 5.0;
				TARGETED_DEVICE_FAMILY = "1,2";
			};
			name = Debug;
		};
		ACFCF4B326697410006CCE92 /* Release */ = {
			isa = XCBuildConfiguration;
			buildSettings = {
				ASSETCATALOG_COMPILER_APPICON_NAME = AppIcon;
				ASSETCATALOG_COMPILER_GLOBAL_ACCENT_COLOR_NAME = AccentColor;
				CODE_SIGN_STYLE = Automatic;
				DEVELOPMENT_ASSET_PATHS = "\"CoreDataWithRelationships/Preview Content\"";
				DEVELOPMENT_TEAM = G6J4RFMLHY;
				ENABLE_PREVIEWS = YES;
				INFOPLIST_FILE = CoreDataWithRelationships/Info.plist;
				IPHONEOS_DEPLOYMENT_TARGET = 14.0;
				LD_RUNPATH_SEARCH_PATHS = (
					"$(inherited)",
					"@executable_path/Frameworks",
				);
				PRODUCT_BUNDLE_IDENTIFIER = com.frederickjavalera.CoreDataWithRelationships;
				PRODUCT_NAME = "$(TARGET_NAME)";
				SWIFT_VERSION = 5.0;
				TARGETED_DEVICE_FAMILY = "1,2";
			};
			name = Release;
		};
/* End XCBuildConfiguration section */

/* Begin XCConfigurationList section */
		ACFCF49D2669740F006CCE92 /* Build configuration list for PBXProject "CoreDataWithRelationships" */ = {
			isa = XCConfigurationList;
			buildConfigurations = (
				ACFCF4AF26697410006CCE92 /* Debug */,
				ACFCF4B026697410006CCE92 /* Release */,
			);
			defaultConfigurationIsVisible = 0;
			defaultConfigurationName = Release;
		};
		ACFCF4B126697410006CCE92 /* Build configuration list for PBXNativeTarget "CoreDataWithRelationships" */ = {
			isa = XCConfigurationList;
			buildConfigurations = (
				ACFCF4B226697410006CCE92 /* Debug */,
				ACFCF4B326697410006CCE92 /* Release */,
			);
			defaultConfigurationIsVisible = 0;
			defaultConfigurationName = Release;
		};
/* End XCConfigurationList section */

/* Begin XCVersionGroup section */
		ACFCF4B926697914006CCE92 /* CoreDataContainer.xcdatamodeld */ = {
			isa = XCVersionGroup;
			children = (
				ACFCF4BA26697914006CCE92 /* CoreDataContainer.xcdatamodel */,
			);
			currentVersion = ACFCF4BA26697914006CCE92 /* CoreDataContainer.xcdatamodel */;
			path = CoreDataContainer.xcdatamodeld;
			sourceTree = "<group>";
			versionGroupType = wrapper.xcdatamodel;
		};
/* End XCVersionGroup section */
	};
	rootObject = ACFCF49A2669740F006CCE92 /* Project object */;
}
